
Microsoft Visual Studio Solution File, Format Version 12.00
# Visual Studio Version 16
VisualStudioVersion = 16.0.28922.388
MinimumVisualStudioVersion = 10.0.40219.1
Project("{FAE04EC0-301F-11D3-BF4B-00C04F79EFBC}") = "AutomateWashingtonUploads", "AutomateWashingtonUploads\AutomateWashingtonUploads.csproj", "{A1116026-578D-454E-8FD4-83D1115BBA8D}"
EndProject
Global
	GlobalSection(SolutionConfigurationPlatforms) = preSolution
		Debug|Any CPU = Debug|Any CPU
		Release|Any CPU = Release|Any CPU
	EndGlobalSection
	GlobalSection(ProjectConfigurationPlatforms) = postSolution
		{A1116026-578D-454E-8FD4-83D1115BBA8D}.Debug|Any CPU.ActiveCfg = Debug|Any CPU
		{A1116026-578D-454E-8FD4-83D1115BBA8D}.Debug|Any CPU.Build.0 = Debug|Any CPU
		{A1116026-578D-454E-8FD4-83D1115BBA8D}.Release|Any CPU.ActiveCfg = Release|Any CPU
		{A1116026-578D-454E-8FD4-83D1115BBA8D}.Release|Any CPU.Build.0 = Release|Any CPU
	EndGlobalSection
	GlobalSection(SolutionProperties) = preSolution
		HideSolutionNode = FALSE
	EndGlobalSection
	GlobalSection(ExtensibilityGlobals) = postSolution
		SolutionGuid = {A2D28628-96F1-442B-8ABE-43F4A54F2AE9}
	EndGlobalSection
EndGlobal
